
Microsoft Visual Studio Solution File, Format Version 12.00
# Visual Studio 15
VisualStudioVersion = 15.0.26730.15
MinimumVisualStudioVersion = 10.0.40219.1
Project("{FAE04EC0-301F-11D3-BF4B-00C04F79EFBC}") = "HelloWorld", "HelloWorld\HelloWorld.csproj", "{4D77F9D2-4B84-465A-B74E-593287F46007}"
EndProject
Project("{E53339B2-1760-4266-BCC7-CA923CBCF16C}") = "docker-compose", "docker-compose.dcproj", "{63B17684-4057-4072-908A-F2A56A4D7960}"
EndProject
Global
	GlobalSection(SolutionConfigurationPlatforms) = preSolution
		Debug|Any CPU = Debug|Any CPU
		Release|Any CPU = Release|Any CPU
	EndGlobalSection
	GlobalSection(ProjectConfigurationPlatforms) = postSolution
		{4D77F9D2-4B84-465A-B74E-593287F46007}.Debug|Any CPU.ActiveCfg = Debug|Any CPU
		{4D77F9D2-4B84-465A-B74E-593287F46007}.Debug|Any CPU.Build.0 = Debug|Any CPU
		{4D77F9D2-4B84-465A-B74E-593287F46007}.Release|Any CPU.ActiveCfg = Release|Any CPU
		{4D77F9D2-4B84-465A-B74E-593287F46007}.Release|Any CPU.Build.0 = Release|Any CPU
		{63B17684-4057-4072-908A-F2A56A4D7960}.Debug|Any CPU.ActiveCfg = Debug|Any CPU
		{63B17684-4057-4072-908A-F2A56A4D7960}.Debug|Any CPU.Build.0 = Debug|Any CPU
		{63B17684-4057-4072-908A-F2A56A4D7960}.Release|Any CPU.ActiveCfg = Release|Any CPU
		{63B17684-4057-4072-908A-F2A56A4D7960}.Release|Any CPU.Build.0 = Release|Any CPU
	EndGlobalSection
	GlobalSection(SolutionProperties) = preSolution
		HideSolutionNode = FALSE
	EndGlobalSection
	GlobalSection(ExtensibilityGlobals) = postSolution
		SolutionGuid = {E858709A-AC1F-49F3-AF03-C825017935D2}
	EndGlobalSection
EndGlobal
